
Microsoft Visual Studio Solution File, Format Version 11.00
# Visual Studio 2010
Project("{FAE04EC0-301F-11D3-BF4B-00C04F79EFBC}") = "Assembly-CSharp", "Assembly-CSharp.csproj", "{c184b793-5e83-6003-7b86-54a0e0c6c915}"
EndProject
Project("{FAE04EC0-301F-11D3-BF4B-00C04F79EFBC}") = "Assembly-CSharp-Editor", "Assembly-CSharp-Editor.csproj", "{b8cab301-dae3-a248-beb3-fe2ada9d0873}"
EndProject
Global
	GlobalSection(SolutionConfigurationPlatforms) = preSolution
		Debug|Any CPU = Debug|Any CPU
	EndGlobalSection
	GlobalSection(ProjectConfigurationPlatforms) = postSolution
		{c184b793-5e83-6003-7b86-54a0e0c6c915}.Debug|Any CPU.ActiveCfg = Debug|Any CPU
		{c184b793-5e83-6003-7b86-54a0e0c6c915}.Debug|Any CPU.Build.0 = Debug|Any CPU
		{b8cab301-dae3-a248-beb3-fe2ada9d0873}.Debug|Any CPU.ActiveCfg = Debug|Any CPU
		{b8cab301-dae3-a248-beb3-fe2ada9d0873}.Debug|Any CPU.Build.0 = Debug|Any CPU
	EndGlobalSection
	GlobalSection(SolutionProperties) = preSolution
		HideSolutionNode = FALSE
	EndGlobalSection
EndGlobal
